// !$*UTF8*$!
{
	archiveVersion = 1;
	classes = {
	};
	objectVersion = 56;
	objects = {

/* Begin PBXBuildFile section */
		153C441A2A22473E005F1626 /* FirebaseAuth in Frameworks */ = {isa = PBXBuildFile; productRef = 153C44192A22473E005F1626 /* FirebaseAuth */; };
		153C441C2A22473E005F1626 /* FirebaseFirestore in Frameworks */ = {isa = PBXBuildFile; productRef = 153C441B2A22473E005F1626 /* FirebaseFirestore */; };
		153C441E2A22473E005F1626 /* FirebaseFirestoreSwift in Frameworks */ = {isa = PBXBuildFile; productRef = 153C441D2A22473E005F1626 /* FirebaseFirestoreSwift */; };
		153C44202A22527B005F1626 /* GoogleService-Info.plist in Resources */ = {isa = PBXBuildFile; fileRef = 153C441F2A22527B005F1626 /* GoogleService-Info.plist */; };
		153C44252A225402005F1626 /* ProfileView.swift in Sources */ = {isa = PBXBuildFile; fileRef = 153C44242A225402005F1626 /* ProfileView.swift */; };
		153C44272A225414005F1626 /* TodoListView.swift in Sources */ = {isa = PBXBuildFile; fileRef = 153C44262A225414005F1626 /* TodoListView.swift */; };
		153C44292A22542D005F1626 /* NewItemView.swift in Sources */ = {isa = PBXBuildFile; fileRef = 153C44282A22542D005F1626 /* NewItemView.swift */; };
		153C442B2A225433005F1626 /* RegisterView.swift in Sources */ = {isa = PBXBuildFile; fileRef = 153C442A2A225433005F1626 /* RegisterView.swift */; };
		153C442D2A225447005F1626 /* LoginView.swift in Sources */ = {isa = PBXBuildFile; fileRef = 153C442C2A225447005F1626 /* LoginView.swift */; };
		153C442F2A225489005F1626 /* TodoListItemView.swift in Sources */ = {isa = PBXBuildFile; fileRef = 153C442E2A225489005F1626 /* TodoListItemView.swift */; };
		153C44312A2254BC005F1626 /* User.swift in Sources */ = {isa = PBXBuildFile; fileRef = 153C44302A2254BC005F1626 /* User.swift */; };
		153C44332A2254C6005F1626 /* TodoItem.swift in Sources */ = {isa = PBXBuildFile; fileRef = 153C44322A2254C6005F1626 /* TodoItem.swift */; };
		153C44352A22550A005F1626 /* ContentViewViewModel.swift in Sources */ = {isa = PBXBuildFile; fileRef = 153C44342A22550A005F1626 /* ContentViewViewModel.swift */; };
		153C44372A225519005F1626 /* ProfileViewViewModel.swift in Sources */ = {isa = PBXBuildFile; fileRef = 153C44362A225519005F1626 /* ProfileViewViewModel.swift */; };
		153C44392A225526005F1626 /* TodoListViewViewModel.swift in Sources */ = {isa = PBXBuildFile; fileRef = 153C44382A225526005F1626 /* TodoListViewViewModel.swift */; };
		153C443B2A225536005F1626 /* NewItemViewViewModel.swift in Sources */ = {isa = PBXBuildFile; fileRef = 153C443A2A225536005F1626 /* NewItemViewViewModel.swift */; };
		153C443D2A225541005F1626 /* RegisterViewViewModel.swift in Sources */ = {isa = PBXBuildFile; fileRef = 153C443C2A225541005F1626 /* RegisterViewViewModel.swift */; };
		153C443F2A225549005F1626 /* LoginViewViewModel.swift in Sources */ = {isa = PBXBuildFile; fileRef = 153C443E2A225549005F1626 /* LoginViewViewModel.swift */; };
		153C44412A225553005F1626 /* TodoListItemViewViewModel.swift in Sources */ = {isa = PBXBuildFile; fileRef = 153C44402A225553005F1626 /* TodoListItemViewViewModel.swift */; };
		153C44442A2258CA005F1626 /* HeaderView.swift in Sources */ = {isa = PBXBuildFile; fileRef = 153C44432A2258CA005F1626 /* HeaderView.swift */; };
		153C44472A225FD1005F1626 /* RoundedButtonView.swift in Sources */ = {isa = PBXBuildFile; fileRef = 153C44462A225FD1005F1626 /* RoundedButtonView.swift */; };
		153C44492A226C47005F1626 /* Extensions.swift in Sources */ = {isa = PBXBuildFile; fileRef = 153C44482A226C47005F1626 /* Extensions.swift */; };
		157CD8F42A3CCB29007DDD36 /* Amplitude-Swift in Frameworks */ = {isa = PBXBuildFile; productRef = 157CD8F32A3CCB28007DDD36 /* Amplitude-Swift */; };
		157CD8F62A3CCB49007DDD36 /* Analytics.swift in Sources */ = {isa = PBXBuildFile; fileRef = 157CD8F52A3CCB49007DDD36 /* Analytics.swift */; };
		157CD8F82A3CD17B007DDD36 /* AnalyticEvents.swift in Sources */ = {isa = PBXBuildFile; fileRef = 157CD8F72A3CD17B007DDD36 /* AnalyticEvents.swift */; };
		15B08CA62A2239D100596ECA /* AmplitudeTrackingApp.swift in Sources */ = {isa = PBXBuildFile; fileRef = 15B08CA52A2239D100596ECA /* AmplitudeTrackingApp.swift */; };
		15B08CA82A2239D100596ECA /* ContentView.swift in Sources */ = {isa = PBXBuildFile; fileRef = 15B08CA72A2239D100596ECA /* ContentView.swift */; };
		15B08CAA2A2239D300596ECA /* Assets.xcassets in Resources */ = {isa = PBXBuildFile; fileRef = 15B08CA92A2239D300596ECA /* Assets.xcassets */; };
		15B08CAD2A2239D300596ECA /* Preview Assets.xcassets in Resources */ = {isa = PBXBuildFile; fileRef = 15B08CAC2A2239D300596ECA /* Preview Assets.xcassets */; };
		15B08CB72A2239D300596ECA /* AmplitudeTrackingTests.swift in Sources */ = {isa = PBXBuildFile; fileRef = 15B08CB62A2239D300596ECA /* AmplitudeTrackingTests.swift */; };
		15B08CC12A2239D300596ECA /* AmplitudeTrackingUITests.swift in Sources */ = {isa = PBXBuildFile; fileRef = 15B08CC02A2239D300596ECA /* AmplitudeTrackingUITests.swift */; };
		15B08CC32A2239D300596ECA /* AmplitudeTrackingUITestsLaunchTests.swift in Sources */ = {isa = PBXBuildFile; fileRef = 15B08CC22A2239D300596ECA /* AmplitudeTrackingUITestsLaunchTests.swift */; };
/* End PBXBuildFile section */

/* Begin PBXContainerItemProxy section */
		15B08CB32A2239D300596ECA /* PBXContainerItemProxy */ = {
			isa = PBXContainerItemProxy;
			containerPortal = 15B08C9A2A2239D100596ECA /* Project object */;
			proxyType = 1;
			remoteGlobalIDString = 15B08CA12A2239D100596ECA;
			remoteInfo = AmplitudeTracking;
		};
		15B08CBD2A2239D300596ECA /* PBXContainerItemProxy */ = {
			isa = PBXContainerItemProxy;
			containerPortal = 15B08C9A2A2239D100596ECA /* Project object */;
			proxyType = 1;
			remoteGlobalIDString = 15B08CA12A2239D100596ECA;
			remoteInfo = AmplitudeTracking;
		};
/* End PBXContainerItemProxy section */

/* Begin PBXFileReference section */
		153C441F2A22527B005F1626 /* GoogleService-Info.plist */ = {isa = PBXFileReference; fileEncoding = 4; lastKnownFileType = text.plist.xml; path = "GoogleService-Info.plist"; sourceTree = "<group>"; };
		153C44242A225402005F1626 /* ProfileView.swift */ = {isa = PBXFileReference; lastKnownFileType = sourcecode.swift; path = ProfileView.swift; sourceTree = "<group>"; };
		153C44262A225414005F1626 /* TodoListView.swift */ = {isa = PBXFileReference; lastKnownFileType = sourcecode.swift; path = TodoListView.swift; sourceTree = "<group>"; };
		153C44282A22542D005F1626 /* NewItemView.swift */ = {isa = PBXFileReference; lastKnownFileType = sourcecode.swift; path = NewItemView.swift; sourceTree = "<group>"; };
		153C442A2A225433005F1626 /* RegisterView.swift */ = {isa = PBXFileReference; lastKnownFileType = sourcecode.swift; path = RegisterView.swift; sourceTree = "<group>"; };
		153C442C2A225447005F1626 /* LoginView.swift */ = {isa = PBXFileReference; lastKnownFileType = sourcecode.swift; path = LoginView.swift; sourceTree = "<group>"; };
		153C442E2A225489005F1626 /* TodoListItemView.swift */ = {isa = PBXFileReference; lastKnownFileType = sourcecode.swift; path = TodoListItemView.swift; sourceTree = "<group>"; };
		153C44302A2254BC005F1626 /* User.swift */ = {isa = PBXFileReference; lastKnownFileType = sourcecode.swift; path = User.swift; sourceTree = "<group>"; };
		153C44322A2254C6005F1626 /* TodoItem.swift */ = {isa = PBXFileReference; lastKnownFileType = sourcecode.swift; path = TodoItem.swift; sourceTree = "<group>"; };
		153C44342A22550A005F1626 /* ContentViewViewModel.swift */ = {isa = PBXFileReference; lastKnownFileType = sourcecode.swift; path = ContentViewViewModel.swift; sourceTree = "<group>"; };
		153C44362A225519005F1626 /* ProfileViewViewModel.swift */ = {isa = PBXFileReference; lastKnownFileType = sourcecode.swift; path = ProfileViewViewModel.swift; sourceTree = "<group>"; };
		153C44382A225526005F1626 /* TodoListViewViewModel.swift */ = {isa = PBXFileReference; lastKnownFileType = sourcecode.swift; path = TodoListViewViewModel.swift; sourceTree = "<group>"; };
		153C443A2A225536005F1626 /* NewItemViewViewModel.swift */ = {isa = PBXFileReference; lastKnownFileType = sourcecode.swift; path = NewItemViewViewModel.swift; sourceTree = "<group>"; };
		153C443C2A225541005F1626 /* RegisterViewViewModel.swift */ = {isa = PBXFileReference; lastKnownFileType = sourcecode.swift; path = RegisterViewViewModel.swift; sourceTree = "<group>"; };
		153C443E2A225549005F1626 /* LoginViewViewModel.swift */ = {isa = PBXFileReference; lastKnownFileType = sourcecode.swift; path = LoginViewViewModel.swift; sourceTree = "<group>"; };
		153C44402A225553005F1626 /* TodoListItemViewViewModel.swift */ = {isa = PBXFileReference; lastKnownFileType = sourcecode.swift; path = TodoListItemViewViewModel.swift; sourceTree = "<group>"; };
		153C44432A2258CA005F1626 /* HeaderView.swift */ = {isa = PBXFileReference; lastKnownFileType = sourcecode.swift; path = HeaderView.swift; sourceTree = "<group>"; };
		153C44462A225FD1005F1626 /* RoundedButtonView.swift */ = {isa = PBXFileReference; lastKnownFileType = sourcecode.swift; path = RoundedButtonView.swift; sourceTree = "<group>"; };
		153C44482A226C47005F1626 /* Extensions.swift */ = {isa = PBXFileReference; lastKnownFileType = sourcecode.swift; path = Extensions.swift; sourceTree = "<group>"; };
		157CD8F52A3CCB49007DDD36 /* Analytics.swift */ = {isa = PBXFileReference; lastKnownFileType = sourcecode.swift; path = Analytics.swift; sourceTree = "<group>"; };
		157CD8F72A3CD17B007DDD36 /* AnalyticEvents.swift */ = {isa = PBXFileReference; lastKnownFileType = sourcecode.swift; path = AnalyticEvents.swift; sourceTree = "<group>"; };
		15B08CA22A2239D100596ECA /* AmplitudeTracking.app */ = {isa = PBXFileReference; explicitFileType = wrapper.application; includeInIndex = 0; path = AmplitudeTracking.app; sourceTree = BUILT_PRODUCTS_DIR; };
		15B08CA52A2239D100596ECA /* AmplitudeTrackingApp.swift */ = {isa = PBXFileReference; lastKnownFileType = sourcecode.swift; path = AmplitudeTrackingApp.swift; sourceTree = "<group>"; };
		15B08CA72A2239D100596ECA /* ContentView.swift */ = {isa = PBXFileReference; lastKnownFileType = sourcecode.swift; path = ContentView.swift; sourceTree = "<group>"; };
		15B08CA92A2239D300596ECA /* Assets.xcassets */ = {isa = PBXFileReference; lastKnownFileType = folder.assetcatalog; path = Assets.xcassets; sourceTree = "<group>"; };
		15B08CAC2A2239D300596ECA /* Preview Assets.xcassets */ = {isa = PBXFileReference; lastKnownFileType = folder.assetcatalog; path = "Preview Assets.xcassets"; sourceTree = "<group>"; };
		15B08CB22A2239D300596ECA /* AmplitudeTrackingTests.xctest */ = {isa = PBXFileReference; explicitFileType = wrapper.cfbundle; includeInIndex = 0; path = AmplitudeTrackingTests.xctest; sourceTree = BUILT_PRODUCTS_DIR; };
		15B08CB62A2239D300596ECA /* AmplitudeTrackingTests.swift */ = {isa = PBXFileReference; lastKnownFileType = sourcecode.swift; path = AmplitudeTrackingTests.swift; sourceTree = "<group>"; };
		15B08CBC2A2239D300596ECA /* AmplitudeTrackingUITests.xctest */ = {isa = PBXFileReference; explicitFileType = wrapper.cfbundle; includeInIndex = 0; path = AmplitudeTrackingUITests.xctest; sourceTree = BUILT_PRODUCTS_DIR; };
		15B08CC02A2239D300596ECA /* AmplitudeTrackingUITests.swift */ = {isa = PBXFileReference; lastKnownFileType = sourcecode.swift; path = AmplitudeTrackingUITests.swift; sourceTree = "<group>"; };
		15B08CC22A2239D300596ECA /* AmplitudeTrackingUITestsLaunchTests.swift */ = {isa = PBXFileReference; lastKnownFileType = sourcecode.swift; path = AmplitudeTrackingUITestsLaunchTests.swift; sourceTree = "<group>"; };
/* End PBXFileReference section */

/* Begin PBXFrameworksBuildPhase section */
		15B08C9F2A2239D100596ECA /* Frameworks */ = {
			isa = PBXFrameworksBuildPhase;
			buildActionMask = 2147483647;
			files = (
				153C441A2A22473E005F1626 /* FirebaseAuth in Frameworks */,
				153C441C2A22473E005F1626 /* FirebaseFirestore in Frameworks */,
				157CD8F42A3CCB29007DDD36 /* Amplitude-Swift in Frameworks */,
				153C441E2A22473E005F1626 /* FirebaseFirestoreSwift in Frameworks */,
			);
			runOnlyForDeploymentPostprocessing = 0;
		};
		15B08CAF2A2239D300596ECA /* Frameworks */ = {
			isa = PBXFrameworksBuildPhase;
			buildActionMask = 2147483647;
			files = (
			);
			runOnlyForDeploymentPostprocessing = 0;
		};
		15B08CB92A2239D300596ECA /* Frameworks */ = {
			isa = PBXFrameworksBuildPhase;
			buildActionMask = 2147483647;
			files = (
			);
			runOnlyForDeploymentPostprocessing = 0;
		};
/* End PBXFrameworksBuildPhase section */

/* Begin PBXGroup section */
		153C44212A2252EC005F1626 /* Views */ = {
			isa = PBXGroup;
			children = (
				153C442A2A225433005F1626 /* RegisterView.swift */,
				153C442C2A225447005F1626 /* LoginView.swift */,
				15B08CA72A2239D100596ECA /* ContentView.swift */,
				153C44242A225402005F1626 /* ProfileView.swift */,
				153C44262A225414005F1626 /* TodoListView.swift */,
				153C44432A2258CA005F1626 /* HeaderView.swift */,
				153C44282A22542D005F1626 /* NewItemView.swift */,
				153C442E2A225489005F1626 /* TodoListItemView.swift */,
				153C44462A225FD1005F1626 /* RoundedButtonView.swift */,
			);
			path = Views;
			sourceTree = "<group>";
		};
		153C44222A2252FC005F1626 /* ViewModels */ = {
			isa = PBXGroup;
			children = (
				153C44342A22550A005F1626 /* ContentViewViewModel.swift */,
				153C44362A225519005F1626 /* ProfileViewViewModel.swift */,
				153C44382A225526005F1626 /* TodoListViewViewModel.swift */,
				153C443A2A225536005F1626 /* NewItemViewViewModel.swift */,
				153C443C2A225541005F1626 /* RegisterViewViewModel.swift */,
				153C443E2A225549005F1626 /* LoginViewViewModel.swift */,
				153C44402A225553005F1626 /* TodoListItemViewViewModel.swift */,
			);
			path = ViewModels;
			sourceTree = "<group>";
		};
		153C44232A225307005F1626 /* Models */ = {
			isa = PBXGroup;
			children = (
				153C44302A2254BC005F1626 /* User.swift */,
				153C44322A2254C6005F1626 /* TodoItem.swift */,
			);
			path = Models;
			sourceTree = "<group>";
		};
		15B08C992A2239D100596ECA = {
			isa = PBXGroup;
			children = (
				15B08CA42A2239D100596ECA /* AmplitudeTracking */,
				15B08CB52A2239D300596ECA /* AmplitudeTrackingTests */,
				15B08CBF2A2239D300596ECA /* AmplitudeTrackingUITests */,
				15B08CA32A2239D100596ECA /* Products */,
			);
			sourceTree = "<group>";
		};
		15B08CA32A2239D100596ECA /* Products */ = {
			isa = PBXGroup;
			children = (
				15B08CA22A2239D100596ECA /* AmplitudeTracking.app */,
				15B08CB22A2239D300596ECA /* AmplitudeTrackingTests.xctest */,
				15B08CBC2A2239D300596ECA /* AmplitudeTrackingUITests.xctest */,
			);
			name = Products;
			sourceTree = "<group>";
		};
		15B08CA42A2239D100596ECA /* AmplitudeTracking */ = {
			isa = PBXGroup;
			children = (
				153C44232A225307005F1626 /* Models */,
				153C44222A2252FC005F1626 /* ViewModels */,
				153C44212A2252EC005F1626 /* Views */,
				153C441F2A22527B005F1626 /* GoogleService-Info.plist */,
				15B08CA52A2239D100596ECA /* AmplitudeTrackingApp.swift */,
				15B08CA92A2239D300596ECA /* Assets.xcassets */,
				15B08CAB2A2239D300596ECA /* Preview Content */,
				153C44482A226C47005F1626 /* Extensions.swift */,
				157CD8F52A3CCB49007DDD36 /* Analytics.swift */,
				157CD8F72A3CD17B007DDD36 /* AnalyticEvents.swift */,
			);
			path = AmplitudeTracking;
			sourceTree = "<group>";
		};
		15B08CAB2A2239D300596ECA /* Preview Content */ = {
			isa = PBXGroup;
			children = (
				15B08CAC2A2239D300596ECA /* Preview Assets.xcassets */,
			);
			path = "Preview Content";
			sourceTree = "<group>";
		};
		15B08CB52A2239D300596ECA /* AmplitudeTrackingTests */ = {
			isa = PBXGroup;
			children = (
				15B08CB62A2239D300596ECA /* AmplitudeTrackingTests.swift */,
			);
			path = AmplitudeTrackingTests;
			sourceTree = "<group>";
		};
		15B08CBF2A2239D300596ECA /* AmplitudeTrackingUITests */ = {
			isa = PBXGroup;
			children = (
				15B08CC02A2239D300596ECA /* AmplitudeTrackingUITests.swift */,
				15B08CC22A2239D300596ECA /* AmplitudeTrackingUITestsLaunchTests.swift */,
			);
			path = AmplitudeTrackingUITests;
			sourceTree = "<group>";
		};
/* End PBXGroup section */

/* Begin PBXNativeTarget section */
		15B08CA12A2239D100596ECA /* AmplitudeTracking */ = {
			isa = PBXNativeTarget;
			buildConfigurationList = 15B08CC62A2239D300596ECA /* Build configuration list for PBXNativeTarget "AmplitudeTracking" */;
			buildPhases = (
				15B08C9E2A2239D100596ECA /* Sources */,
				15B08C9F2A2239D100596ECA /* Frameworks */,
				15B08CA02A2239D100596ECA /* Resources */,
			);
			buildRules = (
			);
			dependencies = (
			);
			name = AmplitudeTracking;
			packageProductDependencies = (
				153C44192A22473E005F1626 /* FirebaseAuth */,
				153C441B2A22473E005F1626 /* FirebaseFirestore */,
				153C441D2A22473E005F1626 /* FirebaseFirestoreSwift */,
				157CD8F32A3CCB28007DDD36 /* Amplitude-Swift */,
			);
			productName = AmplitudeTracking;
			productReference = 15B08CA22A2239D100596ECA /* AmplitudeTracking.app */;
			productType = "com.apple.product-type.application";
		};
		15B08CB12A2239D300596ECA /* AmplitudeTrackingTests */ = {
			isa = PBXNativeTarget;
			buildConfigurationList = 15B08CC92A2239D300596ECA /* Build configuration list for PBXNativeTarget "AmplitudeTrackingTests" */;
			buildPhases = (
				15B08CAE2A2239D300596ECA /* Sources */,
				15B08CAF2A2239D300596ECA /* Frameworks */,
				15B08CB02A2239D300596ECA /* Resources */,
			);
			buildRules = (
			);
			dependencies = (
				15B08CB42A2239D300596ECA /* PBXTargetDependency */,
			);
			name = AmplitudeTrackingTests;
			productName = AmplitudeTrackingTests;
			productReference = 15B08CB22A2239D300596ECA /* AmplitudeTrackingTests.xctest */;
			productType = "com.apple.product-type.bundle.unit-test";
		};
		15B08CBB2A2239D300596ECA /* AmplitudeTrackingUITests */ = {
			isa = PBXNativeTarget;
			buildConfigurationList = 15B08CCC2A2239D300596ECA /* Build configuration list for PBXNativeTarget "AmplitudeTrackingUITests" */;
			buildPhases = (
				15B08CB82A2239D300596ECA /* Sources */,
				15B08CB92A2239D300596ECA /* Frameworks */,
				15B08CBA2A2239D300596ECA /* Resources */,
			);
			buildRules = (
			);
			dependencies = (
				15B08CBE2A2239D300596ECA /* PBXTargetDependency */,
			);
			name = AmplitudeTrackingUITests;
			productName = AmplitudeTrackingUITests;
			productReference = 15B08CBC2A2239D300596ECA /* AmplitudeTrackingUITests.xctest */;
			productType = "com.apple.product-type.bundle.ui-testing";
		};
/* End PBXNativeTarget section */

/* Begin PBXProject section */
		15B08C9A2A2239D100596ECA /* Project object */ = {
			isa = PBXProject;
			attributes = {
				BuildIndependentTargetsInParallel = 1;
				LastSwiftUpdateCheck = 1430;
				LastUpgradeCheck = 1430;
				TargetAttributes = {
					15B08CA12A2239D100596ECA = {
						CreatedOnToolsVersion = 14.3;
					};
					15B08CB12A2239D300596ECA = {
						CreatedOnToolsVersion = 14.3;
						TestTargetID = 15B08CA12A2239D100596ECA;
					};
					15B08CBB2A2239D300596ECA = {
						CreatedOnToolsVersion = 14.3;
						TestTargetID = 15B08CA12A2239D100596ECA;
					};
				};
			};
			buildConfigurationList = 15B08C9D2A2239D100596ECA /* Build configuration list for PBXProject "AmplitudeTracking" */;
			compatibilityVersion = "Xcode 14.0";
			developmentRegion = en;
			hasScannedForEncodings = 0;
			knownRegions = (
				en,
				Base,
			);
			mainGroup = 15B08C992A2239D100596ECA;
			packageReferences = (
				153C44182A22473E005F1626 /* XCRemoteSwiftPackageReference "firebase-ios-sdk" */,
				157CD8F22A3CCB28007DDD36 /* XCRemoteSwiftPackageReference "Amplitude-Swift" */,
			);
			productRefGroup = 15B08CA32A2239D100596ECA /* Products */;
			projectDirPath = "";
			projectRoot = "";
			targets = (
				15B08CA12A2239D100596ECA /* AmplitudeTracking */,
				15B08CB12A2239D300596ECA /* AmplitudeTrackingTests */,
				15B08CBB2A2239D300596ECA /* AmplitudeTrackingUITests */,
			);
		};
/* End PBXProject section */

/* Begin PBXResourcesBuildPhase section */
		15B08CA02A2239D100596ECA /* Resources */ = {
			isa = PBXResourcesBuildPhase;
			buildActionMask = 2147483647;
			files = (
				15B08CAD2A2239D300596ECA /* Preview Assets.xcassets in Resources */,
				15B08CAA2A2239D300596ECA /* Assets.xcassets in Resources */,
				153C44202A22527B005F1626 /* GoogleService-Info.plist in Resources */,
			);
			runOnlyForDeploymentPostprocessing = 0;
		};
		15B08CB02A2239D300596ECA /* Resources */ = {
			isa = PBXResourcesBuildPhase;
			buildActionMask = 2147483647;
			files = (
			);
			runOnlyForDeploymentPostprocessing = 0;
		};
		15B08CBA2A2239D300596ECA /* Resources */ = {
			isa = PBXResourcesBuildPhase;
			buildActionMask = 2147483647;
			files = (
			);
			runOnlyForDeploymentPostprocessing = 0;
		};
/* End PBXResourcesBuildPhase section */

/* Begin PBXSourcesBuildPhase section */
		15B08C9E2A2239D100596ECA /* Sources */ = {
			isa = PBXSourcesBuildPhase;
			buildActionMask = 2147483647;
			files = (
				153C44332A2254C6005F1626 /* TodoItem.swift in Sources */,
				153C44442A2258CA005F1626 /* HeaderView.swift in Sources */,
				153C44472A225FD1005F1626 /* RoundedButtonView.swift in Sources */,
				153C44412A225553005F1626 /* TodoListItemViewViewModel.swift in Sources */,
				153C44352A22550A005F1626 /* ContentViewViewModel.swift in Sources */,
				15B08CA82A2239D100596ECA /* ContentView.swift in Sources */,
				153C443F2A225549005F1626 /* LoginViewViewModel.swift in Sources */,
				153C442D2A225447005F1626 /* LoginView.swift in Sources */,
				157CD8F62A3CCB49007DDD36 /* Analytics.swift in Sources */,
				153C44272A225414005F1626 /* TodoListView.swift in Sources */,
				153C443D2A225541005F1626 /* RegisterViewViewModel.swift in Sources */,
				153C44372A225519005F1626 /* ProfileViewViewModel.swift in Sources */,
				153C44252A225402005F1626 /* ProfileView.swift in Sources */,
				153C442B2A225433005F1626 /* RegisterView.swift in Sources */,
				153C44392A225526005F1626 /* TodoListViewViewModel.swift in Sources */,
				153C44312A2254BC005F1626 /* User.swift in Sources */,
				153C44492A226C47005F1626 /* Extensions.swift in Sources */,
				153C442F2A225489005F1626 /* TodoListItemView.swift in Sources */,
				15B08CA62A2239D100596ECA /* AmplitudeTrackingApp.swift in Sources */,
				153C44292A22542D005F1626 /* NewItemView.swift in Sources */,
				153C443B2A225536005F1626 /* NewItemViewViewModel.swift in Sources */,
				157CD8F82A3CD17B007DDD36 /* AnalyticEvents.swift in Sources */,
			);
			runOnlyForDeploymentPostprocessing = 0;
		};
		15B08CAE2A2239D300596ECA /* Sources */ = {
			isa = PBXSourcesBuildPhase;
			buildActionMask = 2147483647;
			files = (
				15B08CB72A2239D300596ECA /* AmplitudeTrackingTests.swift in Sources */,
			);
			runOnlyForDeploymentPostprocessing = 0;
		};
		15B08CB82A2239D300596ECA /* Sources */ = {
			isa = PBXSourcesBuildPhase;
			buildActionMask = 2147483647;
			files = (
				15B08CC12A2239D300596ECA /* AmplitudeTrackingUITests.swift in Sources */,
				15B08CC32A2239D300596ECA /* AmplitudeTrackingUITestsLaunchTests.swift in Sources */,
			);
			runOnlyForDeploymentPostprocessing = 0;
		};
/* End PBXSourcesBuildPhase section */

/* Begin PBXTargetDependency section */
		15B08CB42A2239D300596ECA /* PBXTargetDependency */ = {
			isa = PBXTargetDependency;
			target = 15B08CA12A2239D100596ECA /* AmplitudeTracking */;
			targetProxy = 15B08CB32A2239D300596ECA /* PBXContainerItemProxy */;
		};
		15B08CBE2A2239D300596ECA /* PBXTargetDependency */ = {
			isa = PBXTargetDependency;
			target = 15B08CA12A2239D100596ECA /* AmplitudeTracking */;
			targetProxy = 15B08CBD2A2239D300596ECA /* PBXContainerItemProxy */;
		};
/* End PBXTargetDependency section */

/* Begin XCBuildConfiguration section */
		15B08CC42A2239D300596ECA /* Debug */ = {
			isa = XCBuildConfiguration;
			buildSettings = {
				ALWAYS_SEARCH_USER_PATHS = NO;
				CLANG_ANALYZER_NONNULL = YES;
				CLANG_ANALYZER_NUMBER_OBJECT_CONVERSION = YES_AGGRESSIVE;
				CLANG_CXX_LANGUAGE_STANDARD = "gnu++20";
				CLANG_ENABLE_MODULES = YES;
				CLANG_ENABLE_OBJC_ARC = YES;
				CLANG_ENABLE_OBJC_WEAK = YES;
				CLANG_WARN_BLOCK_CAPTURE_AUTORELEASING = YES;
				CLANG_WARN_BOOL_CONVERSION = YES;
				CLANG_WARN_COMMA = YES;
				CLANG_WARN_CONSTANT_CONVERSION = YES;
				CLANG_WARN_DEPRECATED_OBJC_IMPLEMENTATIONS = YES;
				CLANG_WARN_DIRECT_OBJC_ISA_USAGE = YES_ERROR;
				CLANG_WARN_DOCUMENTATION_COMMENTS = YES;
				CLANG_WARN_EMPTY_BODY = YES;
				CLANG_WARN_ENUM_CONVERSION = YES;
				CLANG_WARN_INFINITE_RECURSION = YES;
				CLANG_WARN_INT_CONVERSION = YES;
				CLANG_WARN_NON_LITERAL_NULL_CONVERSION = YES;
				CLANG_WARN_OBJC_IMPLICIT_RETAIN_SELF = YES;
				CLANG_WARN_OBJC_LITERAL_CONVERSION = YES;
				CLANG_WARN_OBJC_ROOT_CLASS = YES_ERROR;
				CLANG_WARN_QUOTED_INCLUDE_IN_FRAMEWORK_HEADER = YES;
				CLANG_WARN_RANGE_LOOP_ANALYSIS = YES;
				CLANG_WARN_STRICT_PROTOTYPES = YES;
				CLANG_WARN_SUSPICIOUS_MOVE = YES;
				CLANG_WARN_UNGUARDED_AVAILABILITY = YES_AGGRESSIVE;
				CLANG_WARN_UNREACHABLE_CODE = YES;
				CLANG_WARN__DUPLICATE_METHOD_MATCH = YES;
				COPY_PHASE_STRIP = NO;
				DEBUG_INFORMATION_FORMAT = dwarf;
				ENABLE_STRICT_OBJC_MSGSEND = YES;
				ENABLE_TESTABILITY = YES;
				GCC_C_LANGUAGE_STANDARD = gnu11;
				GCC_DYNAMIC_NO_PIC = NO;
				GCC_NO_COMMON_BLOCKS = YES;
				GCC_OPTIMIZATION_LEVEL = 0;
				GCC_PREPROCESSOR_DEFINITIONS = (
					"DEBUG=1",
					"$(inherited)",
				);
				GCC_WARN_64_TO_32_BIT_CONVERSION = YES;
				GCC_WARN_ABOUT_RETURN_TYPE = YES_ERROR;
				GCC_WARN_UNDECLARED_SELECTOR = YES;
				GCC_WARN_UNINITIALIZED_AUTOS = YES_AGGRESSIVE;
				GCC_WARN_UNUSED_FUNCTION = YES;
				GCC_WARN_UNUSED_VARIABLE = YES;
				IPHONEOS_DEPLOYMENT_TARGET = 16.4;
				MTL_ENABLE_DEBUG_INFO = INCLUDE_SOURCE;
				MTL_FAST_MATH = YES;
				ONLY_ACTIVE_ARCH = YES;
				SDKROOT = iphoneos;
				SWIFT_ACTIVE_COMPILATION_CONDITIONS = DEBUG;
				SWIFT_OPTIMIZATION_LEVEL = "-Onone";
			};
			name = Debug;
		};
		15B08CC52A2239D300596ECA /* Release */ = {
			isa = XCBuildConfiguration;
			buildSettings = {
				ALWAYS_SEARCH_USER_PATHS = NO;
				CLANG_ANALYZER_NONNULL = YES;
				CLANG_ANALYZER_NUMBER_OBJECT_CONVERSION = YES_AGGRESSIVE;
				CLANG_CXX_LANGUAGE_STANDARD = "gnu++20";
				CLANG_ENABLE_MODULES = YES;
				CLANG_ENABLE_OBJC_ARC = YES;
				CLANG_ENABLE_OBJC_WEAK = YES;
				CLANG_WARN_BLOCK_CAPTURE_AUTORELEASING = YES;
				CLANG_WARN_BOOL_CONVERSION = YES;
				CLANG_WARN_COMMA = YES;
				CLANG_WARN_CONSTANT_CONVERSION = YES;
				CLANG_WARN_DEPRECATED_OBJC_IMPLEMENTATIONS = YES;
				CLANG_WARN_DIRECT_OBJC_ISA_USAGE = YES_ERROR;
				CLANG_WARN_DOCUMENTATION_COMMENTS = YES;
				CLANG_WARN_EMPTY_BODY = YES;
				CLANG_WARN_ENUM_CONVERSION = YES;
				CLANG_WARN_INFINITE_RECURSION = YES;
				CLANG_WARN_INT_CONVERSION = YES;
				CLANG_WARN_NON_LITERAL_NULL_CONVERSION = YES;
				CLANG_WARN_OBJC_IMPLICIT_RETAIN_SELF = YES;
				CLANG_WARN_OBJC_LITERAL_CONVERSION = YES;
				CLANG_WARN_OBJC_ROOT_CLASS = YES_ERROR;
				CLANG_WARN_QUOTED_INCLUDE_IN_FRAMEWORK_HEADER = YES;
				CLANG_WARN_RANGE_LOOP_ANALYSIS = YES;
				CLANG_WARN_STRICT_PROTOTYPES = YES;
				CLANG_WARN_SUSPICIOUS_MOVE = YES;
				CLANG_WARN_UNGUARDED_AVAILABILITY = YES_AGGRESSIVE;
				CLANG_WARN_UNREACHABLE_CODE = YES;
				CLANG_WARN__DUPLICATE_METHOD_MATCH = YES;
				COPY_PHASE_STRIP = NO;
				DEBUG_INFORMATION_FORMAT = "dwarf-with-dsym";
				ENABLE_NS_ASSERTIONS = NO;
				ENABLE_STRICT_OBJC_MSGSEND = YES;
				GCC_C_LANGUAGE_STANDARD = gnu11;
				GCC_NO_COMMON_BLOCKS = YES;
				GCC_WARN_64_TO_32_BIT_CONVERSION = YES;
				GCC_WARN_ABOUT_RETURN_TYPE = YES_ERROR;
				GCC_WARN_UNDECLARED_SELECTOR = YES;
				GCC_WARN_UNINITIALIZED_AUTOS = YES_AGGRESSIVE;
				GCC_WARN_UNUSED_FUNCTION = YES;
				GCC_WARN_UNUSED_VARIABLE = YES;
				IPHONEOS_DEPLOYMENT_TARGET = 16.4;
				MTL_ENABLE_DEBUG_INFO = NO;
				MTL_FAST_MATH = YES;
				SDKROOT = iphoneos;
				SWIFT_COMPILATION_MODE = wholemodule;
				SWIFT_OPTIMIZATION_LEVEL = "-O";
				VALIDATE_PRODUCT = YES;
			};
			name = Release;
		};
		15B08CC72A2239D300596ECA /* Debug */ = {
			isa = XCBuildConfiguration;
			buildSettings = {
				ASSETCATALOG_COMPILER_APPICON_NAME = AppIcon;
				ASSETCATALOG_COMPILER_GLOBAL_ACCENT_COLOR_NAME = AccentColor;
				CODE_SIGN_STYLE = Automatic;
				CURRENT_PROJECT_VERSION = 1;
				DEVELOPMENT_ASSET_PATHS = "\"AmplitudeTracking/Preview Content\"";
				ENABLE_PREVIEWS = YES;
				GENERATE_INFOPLIST_FILE = YES;
				INFOPLIST_KEY_CFBundleDisplayName = "To Do List";
				INFOPLIST_KEY_UIApplicationSceneManifest_Generation = YES;
				INFOPLIST_KEY_UIApplicationSupportsIndirectInputEvents = YES;
				INFOPLIST_KEY_UILaunchScreen_Generation = YES;
				INFOPLIST_KEY_UISupportedInterfaceOrientations = UIInterfaceOrientationPortrait;
				LD_RUNPATH_SEARCH_PATHS = (
					"$(inherited)",
					"@executable_path/Frameworks",
				);
				MARKETING_VERSION = 1.0;
				PRODUCT_BUNDLE_IDENTIFIER = com.circlemedical.AmplitudeTracking;
				PRODUCT_NAME = "$(TARGET_NAME)";
				SWIFT_EMIT_LOC_STRINGS = YES;
				SWIFT_VERSION = 5.0;
				TARGETED_DEVICE_FAMILY = "1,2";
			};
			name = Debug;
		};
		15B08CC82A2239D300596ECA /* Release */ = {
			isa = XCBuildConfiguration;
			buildSettings = {
				ASSETCATALOG_COMPILER_APPICON_NAME = AppIcon;
				ASSETCATALOG_COMPILER_GLOBAL_ACCENT_COLOR_NAME = AccentColor;
				CODE_SIGN_STYLE = Automatic;
				CURRENT_PROJECT_VERSION = 1;
				DEVELOPMENT_ASSET_PATHS = "\"AmplitudeTracking/Preview Content\"";
				ENABLE_PREVIEWS = YES;
				GENERATE_INFOPLIST_FILE = YES;
				INFOPLIST_KEY_CFBundleDisplayName = "To Do List";
				INFOPLIST_KEY_UIApplicationSceneManifest_Generation = YES;
				INFOPLIST_KEY_UIApplicationSupportsIndirectInputEvents = YES;
				INFOPLIST_KEY_UILaunchScreen_Generation = YES;
				INFOPLIST_KEY_UISupportedInterfaceOrientations = UIInterfaceOrientationPortrait;
				LD_RUNPATH_SEARCH_PATHS = (
					"$(inherited)",
					"@executable_path/Frameworks",
				);
				MARKETING_VERSION = 1.0;
				PRODUCT_BUNDLE_IDENTIFIER = com.circlemedical.AmplitudeTracking;
				PRODUCT_NAME = "$(TARGET_NAME)";
				SWIFT_EMIT_LOC_STRINGS = YES;
				SWIFT_VERSION = 5.0;
				TARGETED_DEVICE_FAMILY = "1,2";
			};
			name = Release;
		};
		15B08CCA2A2239D300596ECA /* Debug */ = {
			isa = XCBuildConfiguration;
			buildSettings = {
				ALWAYS_EMBED_SWIFT_STANDARD_LIBRARIES = YES;
				BUNDLE_LOADER = "$(TEST_HOST)";
				CODE_SIGN_STYLE = Automatic;
				CURRENT_PROJECT_VERSION = 1;
				GENERATE_INFOPLIST_FILE = YES;
				IPHONEOS_DEPLOYMENT_TARGET = 16.4;
				MARKETING_VERSION = 1.0;
				PRODUCT_BUNDLE_IDENTIFIER = com.circlemedical.AmplitudeTrackingTests;
				PRODUCT_NAME = "$(TARGET_NAME)";
				SWIFT_EMIT_LOC_STRINGS = NO;
				SWIFT_VERSION = 5.0;
				TARGETED_DEVICE_FAMILY = "1,2";
				TEST_HOST = "$(BUILT_PRODUCTS_DIR)/AmplitudeTracking.app/$(BUNDLE_EXECUTABLE_FOLDER_PATH)/AmplitudeTracking";
			};
			name = Debug;
		};
		15B08CCB2A2239D300596ECA /* Release */ = {
			isa = XCBuildConfiguration;
			buildSettings = {
				ALWAYS_EMBED_SWIFT_STANDARD_LIBRARIES = YES;
				BUNDLE_LOADER = "$(TEST_HOST)";
				CODE_SIGN_STYLE = Automatic;
				CURRENT_PROJECT_VERSION = 1;
				GENERATE_INFOPLIST_FILE = YES;
				IPHONEOS_DEPLOYMENT_TARGET = 16.4;
				MARKETING_VERSION = 1.0;
				PRODUCT_BUNDLE_IDENTIFIER = com.circlemedical.AmplitudeTrackingTests;
				PRODUCT_NAME = "$(TARGET_NAME)";
				SWIFT_EMIT_LOC_STRINGS = NO;
				SWIFT_VERSION = 5.0;
				TARGETED_DEVICE_FAMILY = "1,2";
				TEST_HOST = "$(BUILT_PRODUCTS_DIR)/AmplitudeTracking.app/$(BUNDLE_EXECUTABLE_FOLDER_PATH)/AmplitudeTracking";
			};
			name = Release;
		};
		15B08CCD2A2239D300596ECA /* Debug */ = {
			isa = XCBuildConfiguration;
			buildSettings = {
				ALWAYS_EMBED_SWIFT_STANDARD_LIBRARIES = YES;
				CODE_SIGN_STYLE = Automatic;
				CURRENT_PROJECT_VERSION = 1;
				GENERATE_INFOPLIST_FILE = YES;
				MARKETING_VERSION = 1.0;
				PRODUCT_BUNDLE_IDENTIFIER = com.circlemedical.AmplitudeTrackingUITests;
				PRODUCT_NAME = "$(TARGET_NAME)";
				SWIFT_EMIT_LOC_STRINGS = NO;
				SWIFT_VERSION = 5.0;
				TARGETED_DEVICE_FAMILY = "1,2";
				TEST_TARGET_NAME = AmplitudeTracking;
			};
			name = Debug;
		};
		15B08CCE2A2239D300596ECA /* Release */ = {
			isa = XCBuildConfiguration;
			buildSettings = {
				ALWAYS_EMBED_SWIFT_STANDARD_LIBRARIES = YES;
				CODE_SIGN_STYLE = Automatic;
				CURRENT_PROJECT_VERSION = 1;
				GENERATE_INFOPLIST_FILE = YES;
				MARKETING_VERSION = 1.0;
				PRODUCT_BUNDLE_IDENTIFIER = com.circlemedical.AmplitudeTrackingUITests;
				PRODUCT_NAME = "$(TARGET_NAME)";
				SWIFT_EMIT_LOC_STRINGS = NO;
				SWIFT_VERSION = 5.0;
				TARGETED_DEVICE_FAMILY = "1,2";
				TEST_TARGET_NAME = AmplitudeTracking;
			};
			name = Release;
		};
/* End XCBuildConfiguration section */

/* Begin XCConfigurationList section */
		15B08C9D2A2239D100596ECA /* Build configuration list for PBXProject "AmplitudeTracking" */ = {
			isa = XCConfigurationList;
			buildConfigurations = (
				15B08CC42A2239D300596ECA /* Debug */,
				15B08CC52A2239D300596ECA /* Release */,
			);
			defaultConfigurationIsVisible = 0;
			defaultConfigurationName = Release;
		};
		15B08CC62A2239D300596ECA /* Build configuration list for PBXNativeTarget "AmplitudeTracking" */ = {
			isa = XCConfigurationList;
			buildConfigurations = (
				15B08CC72A2239D300596ECA /* Debug */,
				15B08CC82A2239D300596ECA /* Release */,
			);
			defaultConfigurationIsVisible = 0;
			defaultConfigurationName = Release;
		};
		15B08CC92A2239D300596ECA /* Build configuration list for PBXNativeTarget "AmplitudeTrackingTests" */ = {
			isa = XCConfigurationList;
			buildConfigurations = (
				15B08CCA2A2239D300596ECA /* Debug */,
				15B08CCB2A2239D300596ECA /* Release */,
			);
			defaultConfigurationIsVisible = 0;
			defaultConfigurationName = Release;
		};
		15B08CCC2A2239D300596ECA /* Build configuration list for PBXNativeTarget "AmplitudeTrackingUITests" */ = {
			isa = XCConfigurationList;
			buildConfigurations = (
				15B08CCD2A2239D300596ECA /* Debug */,
				15B08CCE2A2239D300596ECA /* Release */,
			);
			defaultConfigurationIsVisible = 0;
			defaultConfigurationName = Release;
		};
/* End XCConfigurationList section */

/* Begin XCRemoteSwiftPackageReference section */
		153C44182A22473E005F1626 /* XCRemoteSwiftPackageReference "firebase-ios-sdk" */ = {
			isa = XCRemoteSwiftPackageReference;
			repositoryURL = "https://github.com/firebase/firebase-ios-sdk";
			requirement = {
				kind = upToNextMajorVersion;
				minimumVersion = 10.0.0;
			};
		};
		157CD8F22A3CCB28007DDD36 /* XCRemoteSwiftPackageReference "Amplitude-Swift" */ = {
			isa = XCRemoteSwiftPackageReference;
			repositoryURL = "https://github.com/amplitude/Amplitude-Swift";
			requirement = {
				branch = main;
				kind = branch;
			};
		};
/* End XCRemoteSwiftPackageReference section */

/* Begin XCSwiftPackageProductDependency section */
		153C44192A22473E005F1626 /* FirebaseAuth */ = {
			isa = XCSwiftPackageProductDependency;
			package = 153C44182A22473E005F1626 /* XCRemoteSwiftPackageReference "firebase-ios-sdk" */;
			productName = FirebaseAuth;
		};
		153C441B2A22473E005F1626 /* FirebaseFirestore */ = {
			isa = XCSwiftPackageProductDependency;
			package = 153C44182A22473E005F1626 /* XCRemoteSwiftPackageReference "firebase-ios-sdk" */;
			productName = FirebaseFirestore;
		};
		153C441D2A22473E005F1626 /* FirebaseFirestoreSwift */ = {
			isa = XCSwiftPackageProductDependency;
			package = 153C44182A22473E005F1626 /* XCRemoteSwiftPackageReference "firebase-ios-sdk" */;
			productName = FirebaseFirestoreSwift;
		};
		157CD8F32A3CCB28007DDD36 /* Amplitude-Swift */ = {
			isa = XCSwiftPackageProductDependency;
			package = 157CD8F22A3CCB28007DDD36 /* XCRemoteSwiftPackageReference "Amplitude-Swift" */;
			productName = "Amplitude-Swift";
		};
/* End XCSwiftPackageProductDependency section */
	};
	rootObject = 15B08C9A2A2239D100596ECA /* Project object */;
}
